
Microsoft Visual Studio Solution File, Format Version 12.00
# Visual Studio Version 17
VisualStudioVersion = 17.3.32819.101
MinimumVisualStudioVersion = 10.0.40219.1
Project("{9A19103F-16F7-4668-BE54-9A1E7A4F7556}") = "API", "API\API.csproj", "{F9482CDA-283A-4C6A-AC25-FE40C368F5C1}"
EndProject
Project("{9A19103F-16F7-4668-BE54-9A1E7A4F7556}") = "Models", "Models\Models.csproj", "{9CDB37EB-A470-46BE-B98E-39C2FE5791CA}"
EndProject
Project("{9A19103F-16F7-4668-BE54-9A1E7A4F7556}") = "Data", "Data\Data.csproj", "{1CB58C5F-9F38-494B-9748-FB2435CC9CFD}"
EndProject
Project("{2150E333-8FDC-42A3-9474-1A3956D46DE8}") = "Tests", "Tests", "{1F37E677-0D51-4FC7-B60A-35D2AC07DA31}"
EndProject
Project("{9A19103F-16F7-4668-BE54-9A1E7A4F7556}") = "IntegrationTests", "IntegrationTests\IntegrationTests.csproj", "{2245563B-C795-47A9-B1C2-D9737910A6D2}"
EndProject
Project("{FAE04EC0-301F-11D3-BF4B-00C04F79EFBC}") = "UnitTests", "UnitTests\UnitTests.csproj", "{D2E34B31-CC11-4623-8E5A-2AAD968614F5}"
EndProject
Global
	GlobalSection(SolutionConfigurationPlatforms) = preSolution
		Debug|Any CPU = Debug|Any CPU
		Release|Any CPU = Release|Any CPU
	EndGlobalSection
	GlobalSection(ProjectConfigurationPlatforms) = postSolution
		{F9482CDA-283A-4C6A-AC25-FE40C368F5C1}.Debug|Any CPU.ActiveCfg = Debug|Any CPU
		{F9482CDA-283A-4C6A-AC25-FE40C368F5C1}.Debug|Any CPU.Build.0 = Debug|Any CPU
		{F9482CDA-283A-4C6A-AC25-FE40C368F5C1}.Release|Any CPU.ActiveCfg = Release|Any CPU
		{F9482CDA-283A-4C6A-AC25-FE40C368F5C1}.Release|Any CPU.Build.0 = Release|Any CPU
		{9CDB37EB-A470-46BE-B98E-39C2FE5791CA}.Debug|Any CPU.ActiveCfg = Debug|Any CPU
		{9CDB37EB-A470-46BE-B98E-39C2FE5791CA}.Debug|Any CPU.Build.0 = Debug|Any CPU
		{9CDB37EB-A470-46BE-B98E-39C2FE5791CA}.Release|Any CPU.ActiveCfg = Release|Any CPU
		{9CDB37EB-A470-46BE-B98E-39C2FE5791CA}.Release|Any CPU.Build.0 = Release|Any CPU
		{1CB58C5F-9F38-494B-9748-FB2435CC9CFD}.Debug|Any CPU.ActiveCfg = Debug|Any CPU
		{1CB58C5F-9F38-494B-9748-FB2435CC9CFD}.Debug|Any CPU.Build.0 = Debug|Any CPU
		{1CB58C5F-9F38-494B-9748-FB2435CC9CFD}.Release|Any CPU.ActiveCfg = Release|Any CPU
		{1CB58C5F-9F38-494B-9748-FB2435CC9CFD}.Release|Any CPU.Build.0 = Release|Any CPU
		{2245563B-C795-47A9-B1C2-D9737910A6D2}.Debug|Any CPU.ActiveCfg = Debug|Any CPU
		{2245563B-C795-47A9-B1C2-D9737910A6D2}.Debug|Any CPU.Build.0 = Debug|Any CPU
		{2245563B-C795-47A9-B1C2-D9737910A6D2}.Release|Any CPU.ActiveCfg = Release|Any CPU
		{2245563B-C795-47A9-B1C2-D9737910A6D2}.Release|Any CPU.Build.0 = Release|Any CPU
		{D2E34B31-CC11-4623-8E5A-2AAD968614F5}.Debug|Any CPU.ActiveCfg = Debug|Any CPU
		{D2E34B31-CC11-4623-8E5A-2AAD968614F5}.Debug|Any CPU.Build.0 = Debug|Any CPU
		{D2E34B31-CC11-4623-8E5A-2AAD968614F5}.Release|Any CPU.ActiveCfg = Release|Any CPU
		{D2E34B31-CC11-4623-8E5A-2AAD968614F5}.Release|Any CPU.Build.0 = Release|Any CPU
	EndGlobalSection
	GlobalSection(SolutionProperties) = preSolution
		HideSolutionNode = FALSE
	EndGlobalSection
	GlobalSection(NestedProjects) = preSolution
		{2245563B-C795-47A9-B1C2-D9737910A6D2} = {1F37E677-0D51-4FC7-B60A-35D2AC07DA31}
		{D2E34B31-CC11-4623-8E5A-2AAD968614F5} = {1F37E677-0D51-4FC7-B60A-35D2AC07DA31}
	EndGlobalSection
	GlobalSection(ExtensibilityGlobals) = postSolution
		SolutionGuid = {9A012D45-4E50-48B8-85F3-A7BD6265568C}
	EndGlobalSection
EndGlobal
